
Microsoft Visual Studio Solution File, Format Version 12.00
# Visual Studio Version 16
VisualStudioVersion = 16.0.30204.135
MinimumVisualStudioVersion = 10.0.40219.1
Project("{FAE04EC0-301F-11D3-BF4B-00C04F79EFBC}") = "SocketClient", "SocketClient\SocketClient.csproj", "{2CE63365-ECC3-43D0-B3A3-B8CA4C839E4D}"
EndProject
Global
	GlobalSection(SolutionConfigurationPlatforms) = preSolution
		Debug|Any CPU = Debug|Any CPU
		Release|Any CPU = Release|Any CPU
	EndGlobalSection
	GlobalSection(ProjectConfigurationPlatforms) = postSolution
		{2CE63365-ECC3-43D0-B3A3-B8CA4C839E4D}.Debug|Any CPU.ActiveCfg = Debug|Any CPU
		{2CE63365-ECC3-43D0-B3A3-B8CA4C839E4D}.Debug|Any CPU.Build.0 = Debug|Any CPU
		{2CE63365-ECC3-43D0-B3A3-B8CA4C839E4D}.Release|Any CPU.ActiveCfg = Release|Any CPU
		{2CE63365-ECC3-43D0-B3A3-B8CA4C839E4D}.Release|Any CPU.Build.0 = Release|Any CPU
	EndGlobalSection
	GlobalSection(SolutionProperties) = preSolution
		HideSolutionNode = FALSE
	EndGlobalSection
	GlobalSection(ExtensibilityGlobals) = postSolution
		SolutionGuid = {FD0A2742-86AB-4D51-8267-8F090ED73247}
	EndGlobalSection
EndGlobal
